// !$*UTF8*$!
{
	archiveVersion = 1;
	classes = {
	};
	objectVersion = 77;
	objects = {

/* Begin PBXContainerItemProxy section */
		5E9565452FF0AFAC005E2EEF /* PBXContainerItemProxy */ = {
			isa = PBXContainerItemProxy;
			containerPortal = 5E95652D2FF0AFAA005E2EEF /* Project object */;
			proxyType = 1;
			remoteGlobalIDString = 5E9565342FF0AFAA005E2EEF;
			remoteInfo = "ikuyo-live-wallpaper";
		};
		5E95654F2FF0AFAC005E2EEF /* PBXContainerItemProxy */ = {
			isa = PBXContainerItemProxy;
			containerPortal = 5E95652D2FF0AFAA005E2EEF /* Project object */;
			proxyType = 1;
			remoteGlobalIDString = 5E9565342FF0AFAA005E2EEF;
			remoteInfo = "ikuyo-live-wallpaper";
		};
/* End PBXContainerItemProxy section */

/* Begin PBXFileReference section */
		5E9565352FF0AFAA005E2EEF /* ikuyo-live-wallpaper.app */ = {isa = PBXFileReference; explicitFileType = wrapper.application; includeInIndex = 0; path = "ikuyo-live-wallpaper.app"; sourceTree = BUILT_PRODUCTS_DIR; };
		5E9565442FF0AFAC005E2EEF /* ikuyo-live-wallpaperTests.xctest */ = {isa = PBXFileReference; explicitFileType = wrapper.cfbundle; includeInIndex = 0; path = "ikuyo-live-wallpaperTests.xctest"; sourceTree = BUILT_PRODUCTS_DIR; };
		5E95654E2FF0AFAC005E2EEF /* ikuyo-live-wallpaperUITests.xctest */ = {isa = PBXFileReference; explicitFileType = wrapper.cfbundle; includeInIndex = 0; path = "ikuyo-live-wallpaperUITests.xctest"; sourceTree = BUILT_PRODUCTS_DIR; };
/* End PBXFileReference section */

/* Begin PBXFileSystemSynchronizedBuildFileExceptionSet section */
		5EAF0A222FF5027E0097EA18 /* Exceptions for "ikuyo-live-wallpaperTests" folder in "ikuyo-live-wallpaperTests" target */ = {
			isa = PBXFileSystemSynchronizedBuildFileExceptionSet;
			membershipExceptions = (
				ikuyo_live_wallpaperTests.swift,
			);
			target = 5E9565432FF0AFAC005E2EEF /* ikuyo-live-wallpaperTests */;
		};
		5EAF0A232FF5027E0097EA18 /* Exceptions for "ikuyo-live-wallpaperTests" folder in "ikuyo-live-wallpaperUITests" target */ = {
			isa = PBXFileSystemSynchronizedBuildFileExceptionSet;
			membershipExceptions = (
				ikuyo_live_wallpaperTests.swift,
			);
			target = 5E95654D2FF0AFAC005E2EEF /* ikuyo-live-wallpaperUITests */;
		};
/* End PBXFileSystemSynchronizedBuildFileExceptionSet section */

/* Begin PBXFileSystemSynchronizedRootGroup section */
		5E9565372FF0AFAA005E2EEF /* ikuyo-live-wallpaper */ = {
			isa = PBXFileSystemSynchronizedRootGroup;
			path = "ikuyo-live-wallpaper";
			sourceTree = "<group>";
		};
		5E9565512FF0AFAC005E2EEF /* ikuyo-live-wallpaperUITests */ = {
			isa = PBXFileSystemSynchronizedRootGroup;
			path = "ikuyo-live-wallpaperUITests";
			sourceTree = "<group>";
		};
		5EAF0A202FF5027D0097EA18 /* ikuyo-live-wallpaperTests */ = {
			isa = PBXFileSystemSynchronizedRootGroup;
			exceptions = (
				5EAF0A222FF5027E0097EA18 /* Exceptions for "ikuyo-live-wallpaperTests" folder in "ikuyo-live-wallpaperTests" target */,
				5EAF0A232FF5027E0097EA18 /* Exceptions for "ikuyo-live-wallpaperTests" folder in "ikuyo-live-wallpaperUITests" target */,
			);
			path = "ikuyo-live-wallpaperTests";
			sourceTree = "<group>";
		};
/* End PBXFileSystemSynchronizedRootGroup section */

/* Begin PBXFrameworksBuildPhase section */
		5E9565322FF0AFAA005E2EEF /* Frameworks */ = {
			isa = PBXFrameworksBuildPhase;
			buildActionMask = 2147483647;
			files = (
			);
			runOnlyForDeploymentPostprocessing = 0;
		};
		5E9565412FF0AFAC005E2EEF /* Frameworks */ = {
			isa = PBXFrameworksBuildPhase;
			buildActionMask = 2147483647;
			files = (
			);
			runOnlyForDeploymentPostprocessing = 0;
		};
		5E95654B2FF0AFAC005E2EEF /* Frameworks */ = {
			isa = PBXFrameworksBuildPhase;
			buildActionMask = 2147483647;
			files = (
			);
			runOnlyForDeploymentPostprocessing = 0;
		};
/* End PBXFrameworksBuildPhase section */

/* Begin PBXGroup section */
		5E95652C2FF0AFAA005E2EEF = {
			isa = PBXGroup;
			children = (
				5E9565372FF0AFAA005E2EEF /* ikuyo-live-wallpaper */,
				5EAF0A202FF5027D0097EA18 /* ikuyo-live-wallpaperTests */,
				5E9565512FF0AFAC005E2EEF /* ikuyo-live-wallpaperUITests */,
				5E9565362FF0AFAA005E2EEF /* Products */,
			);
			sourceTree = "<group>";
		};
		5E9565362FF0AFAA005E2EEF /* Products */ = {
			isa = PBXGroup;
			children = (
				5E9565352FF0AFAA005E2EEF /* ikuyo-live-wallpaper.app */,
				5E9565442FF0AFAC005E2EEF /* ikuyo-live-wallpaperTests.xctest */,
				5E95654E2FF0AFAC005E2EEF /* ikuyo-live-wallpaperUITests.xctest */,
			);
			name = Products;
			sourceTree = "<group>";
		};
/* End PBXGroup section */

/* Begin PBXNativeTarget section */
		5E9565342FF0AFAA005E2EEF /* ikuyo-live-wallpaper */ = {
			isa = PBXNativeTarget;
			buildConfigurationList = 5E9565582FF0AFAC005E2EEF /* Build configuration list for PBXNativeTarget "ikuyo-live-wallpaper" */;
			buildPhases = (
				5E9565312FF0AFAA005E2EEF /* Sources */,
				5E9565322FF0AFAA005E2EEF /* Frameworks */,
				5E9565332FF0AFAA005E2EEF /* Resources */,
			);
			buildRules = (
			);
			dependencies = (
			);
			fileSystemSynchronizedGroups = (
				5E9565372FF0AFAA005E2EEF /* ikuyo-live-wallpaper */,
			);
			name = "ikuyo-live-wallpaper";
			packageProductDependencies = (
			);
			productName = "ikuyo-live-wallpaper";
			productReference = 5E9565352FF0AFAA005E2EEF /* ikuyo-live-wallpaper.app */;
			productType = "com.apple.product-type.application";
		};
		5E9565432FF0AFAC005E2EEF /* ikuyo-live-wallpaperTests */ = {
			isa = PBXNativeTarget;
			buildConfigurationList = 5E95655B2FF0AFAC005E2EEF /* Build configuration list for PBXNativeTarget "ikuyo-live-wallpaperTests" */;
			buildPhases = (
				5E9565402FF0AFAC005E2EEF /* Sources */,
				5E9565412FF0AFAC005E2EEF /* Frameworks */,
				5E9565422FF0AFAC005E2EEF /* Resources */,
			);
			buildRules = (
			);
			dependencies = (
				5E9565462FF0AFAC005E2EEF /* PBXTargetDependency */,
			);
			name = "ikuyo-live-wallpaperTests";
			packageProductDependencies = (
			);
			productName = "ikuyo-live-wallpaperTests";
			productReference = 5E9565442FF0AFAC005E2EEF /* ikuyo-live-wallpaperTests.xctest */;
			productType = "com.apple.product-type.bundle.unit-test";
		};
		5E95654D2FF0AFAC005E2EEF /* ikuyo-live-wallpaperUITests */ = {
			isa = PBXNativeTarget;
			buildConfigurationList = 5E95655E2FF0AFAC005E2EEF /* Build configuration list for PBXNativeTarget "ikuyo-live-wallpaperUITests" */;
			buildPhases = (
				5E95654A2FF0AFAC005E2EEF /* Sources */,
				5E95654B2FF0AFAC005E2EEF /* Frameworks */,
				5E95654C2FF0AFAC005E2EEF /* Resources */,
			);
			buildRules = (
			);
			dependencies = (
				5E9565502FF0AFAC005E2EEF /* PBXTargetDependency */,
			);
			fileSystemSynchronizedGroups = (
				5E9565512FF0AFAC005E2EEF /* ikuyo-live-wallpaperUITests */,
				5EAF0A202FF5027D0097EA18 /* ikuyo-live-wallpaperTests */,
			);
			name = "ikuyo-live-wallpaperUITests";
			packageProductDependencies = (
			);
			productName = "ikuyo-live-wallpaperUITests";
			productReference = 5E95654E2FF0AFAC005E2EEF /* ikuyo-live-wallpaperUITests.xctest */;
			productType = "com.apple.product-type.bundle.ui-testing";
		};
/* End PBXNativeTarget section */

/* Begin PBXProject section */
		5E95652D2FF0AFAA005E2EEF /* Project object */ = {
			isa = PBXProject;
			attributes = {
				BuildIndependentTargetsInParallel = 1;
				LastSwiftUpdateCheck = 2660;
				LastUpgradeCheck = 2660;
				TargetAttributes = {
					5E9565342FF0AFAA005E2EEF = {
						CreatedOnToolsVersion = 26.6;
					};
					5E9565432FF0AFAC005E2EEF = {
						CreatedOnToolsVersion = 26.6;
						TestTargetID = 5E9565342FF0AFAA005E2EEF;
					};
					5E95654D2FF0AFAC005E2EEF = {
						CreatedOnToolsVersion = 26.6;
						TestTargetID = 5E9565342FF0AFAA005E2EEF;
					};
				};
			};
			buildConfigurationList = 5E9565302FF0AFAA005E2EEF /* Build configuration list for PBXProject "StarTorch Wallpaper Engine" */;
			developmentRegion = en;
			hasScannedForEncodings = 0;
			knownRegions = (
				en,
				Base,
			);
			mainGroup = 5E95652C2FF0AFAA005E2EEF;
			minimizedProjectReferenceProxies = 1;
			preferredProjectObjectVersion = 77;
			productRefGroup = 5E9565362FF0AFAA005E2EEF /* Products */;
			projectDirPath = "";
			projectRoot = "";
			targets = (
				5E9565342FF0AFAA005E2EEF /* ikuyo-live-wallpaper */,
				5E9565432FF0AFAC005E2EEF /* ikuyo-live-wallpaperTests */,
				5E95654D2FF0AFAC005E2EEF /* ikuyo-live-wallpaperUITests */,
			);
		};
/* End PBXProject section */

/* Begin PBXResourcesBuildPhase section */
		5E9565332FF0AFAA005E2EEF /* Resources */ = {
			isa = PBXResourcesBuildPhase;
			buildActionMask = 2147483647;
			files = (
			);
			runOnlyForDeploymentPostprocessing = 0;
		};
		5E9565422FF0AFAC005E2EEF /* Resources */ = {
			isa = PBXResourcesBuildPhase;
			buildActionMask = 2147483647;
			files = (
			);
			runOnlyForDeploymentPostprocessing = 0;
		};
		5E95654C2FF0AFAC005E2EEF /* Resources */ = {
			isa = PBXResourcesBuildPhase;
			buildActionMask = 2147483647;
			files = (
			);
			runOnlyForDeploymentPostprocessing = 0;
		};
/* End PBXResourcesBuildPhase section */

/* Begin PBXSourcesBuildPhase section */
		5E9565312FF0AFAA005E2EEF /* Sources */ = {
			isa = PBXSourcesBuildPhase;
			buildActionMask = 2147483647;
			files = (
			);
			runOnlyForDeploymentPostprocessing = 0;
		};
		5E9565402FF0AFAC005E2EEF /* Sources */ = {
			isa = PBXSourcesBuildPhase;
			buildActionMask = 2147483647;
			files = (
			);
			runOnlyForDeploymentPostprocessing = 0;
		};
		5E95654A2FF0AFAC005E2EEF /* Sources */ = {
			isa = PBXSourcesBuildPhase;
			buildActionMask = 2147483647;
			files = (
			);
			runOnlyForDeploymentPostprocessing = 0;
		};
/* End PBXSourcesBuildPhase section */

/* Begin PBXTargetDependency section */
		5E9565462FF0AFAC005E2EEF /* PBXTargetDependency */ = {
			isa = PBXTargetDependency;
			target = 5E9565342FF0AFAA005E2EEF /* ikuyo-live-wallpaper */;
			targetProxy = 5E9565452FF0AFAC005E2EEF /* PBXContainerItemProxy */;
		};
		5E9565502FF0AFAC005E2EEF /* PBXTargetDependency */ = {
			isa = PBXTargetDependency;
			target = 5E9565342FF0AFAA005E2EEF /* ikuyo-live-wallpaper */;
			targetProxy = 5E95654F2FF0AFAC005E2EEF /* PBXContainerItemProxy */;
		};
/* End PBXTargetDependency section */

/* Begin XCBuildConfiguration section */
		5E9565562FF0AFAC005E2EEF /* Debug */ = {
			isa = XCBuildConfiguration;
			buildSettings = {
				ALWAYS_SEARCH_USER_PATHS = NO;
				ASSETCATALOG_COMPILER_GENERATE_SWIFT_ASSET_SYMBOL_EXTENSIONS = YES;
				CLANG_ANALYZER_NONNULL = YES;
				CLANG_ANALYZER_NUMBER_OBJECT_CONVERSION = YES_AGGRESSIVE;
				CLANG_CXX_LANGUAGE_STANDARD = "gnu++20";
				CLANG_ENABLE_MODULES = YES;
				CLANG_ENABLE_OBJC_ARC = YES;
				CLANG_ENABLE_OBJC_WEAK = YES;
				CLANG_WARN_BLOCK_CAPTURE_AUTORELEASING = YES;
				CLANG_WARN_BOOL_CONVERSION = YES;
				CLANG_WARN_COMMA = YES;
				CLANG_WARN_CONSTANT_CONVERSION = YES;
				CLANG_WARN_DEPRECATED_OBJC_IMPLEMENTATIONS = YES;
				CLANG_WARN_DIRECT_OBJC_ISA_USAGE = YES_ERROR;
				CLANG_WARN_DOCUMENTATION_COMMENTS = YES;
				CLANG_WARN_EMPTY_BODY = YES;
				CLANG_WARN_ENUM_CONVERSION = YES;
				CLANG_WARN_INFINITE_RECURSION = YES;
				CLANG_WARN_INT_CONVERSION = YES;
				CLANG_WARN_NON_LITERAL_NULL_CONVERSION = YES;
				CLANG_WARN_OBJC_IMPLICIT_RETAIN_SELF = YES;
				CLANG_WARN_OBJC_LITERAL_CONVERSION = YES;
				CLANG_WARN_OBJC_ROOT_CLASS = YES_ERROR;
				CLANG_WARN_QUOTED_INCLUDE_IN_FRAMEWORK_HEADER = YES;
				CLANG_WARN_RANGE_LOOP_ANALYSIS = YES;
				CLANG_WARN_STRICT_PROTOTYPES = YES;
				CLANG_WARN_SUSPICIOUS_MOVE = YES;
				CLANG_WARN_UNGUARDED_AVAILABILITY = YES_AGGRESSIVE;
				CLANG_WARN_UNREACHABLE_CODE = YES;
				CLANG_WARN__DUPLICATE_METHOD_MATCH = YES;
				COPY_PHASE_STRIP = NO;
				DEBUG_INFORMATION_FORMAT = dwarf;
				DEVELOPMENT_TEAM = B97JTSGWZ2;
				ENABLE_STRICT_OBJC_MSGSEND = YES;
				ENABLE_TESTABILITY = YES;
				ENABLE_USER_SCRIPT_SANDBOXING = YES;
				GCC_C_LANGUAGE_STANDARD = gnu17;
				GCC_DYNAMIC_NO_PIC = NO;
				GCC_NO_COMMON_BLOCKS = YES;
				GCC_OPTIMIZATION_LEVEL = 0;
				GCC_PREPROCESSOR_DEFINITIONS = (
					"DEBUG=1",
					"$(inherited)",
				);
				GCC_WARN_64_TO_32_BIT_CONVERSION = YES;
				GCC_WARN_ABOUT_RETURN_TYPE = YES_ERROR;
				GCC_WARN_UNDECLARED_SELECTOR = YES;
				GCC_WARN_UNINITIALIZED_AUTOS = YES_AGGRESSIVE;
				GCC_WARN_UNUSED_FUNCTION = YES;
				GCC_WARN_UNUSED_VARIABLE = YES;
				LOCALIZATION_PREFERS_STRING_CATALOGS = YES;
				MACOSX_DEPLOYMENT_TARGET = 26.5;
				MTL_ENABLE_DEBUG_INFO = INCLUDE_SOURCE;
				MTL_FAST_MATH = YES;
				ONLY_ACTIVE_ARCH = YES;
				SDKROOT = macosx;
				SWIFT_ACTIVE_COMPILATION_CONDITIONS = "DEBUG $(inherited)";
				SWIFT_OPTIMIZATION_LEVEL = "-Onone";
			};
			name = Debug;
		};
		5E9565572FF0AFAC005E2EEF /* Release */ = {
			isa = XCBuildConfiguration;
			buildSettings = {
				ALWAYS_SEARCH_USER_PATHS = NO;
				ASSETCATALOG_COMPILER_GENERATE_SWIFT_ASSET_SYMBOL_EXTENSIONS = YES;
				CLANG_ANALYZER_NONNULL = YES;
				CLANG_ANALYZER_NUMBER_OBJECT_CONVERSION = YES_AGGRESSIVE;
				CLANG_CXX_LANGUAGE_STANDARD = "gnu++20";
				CLANG_ENABLE_MODULES = YES;
				CLANG_ENABLE_OBJC_ARC = YES;
				CLANG_ENABLE_OBJC_WEAK = YES;
				CLANG_WARN_BLOCK_CAPTURE_AUTORELEASING = YES;
				CLANG_WARN_BOOL_CONVERSION = YES;
				CLANG_WARN_COMMA = YES;
				CLANG_WARN_CONSTANT_CONVERSION = YES;
				CLANG_WARN_DEPRECATED_OBJC_IMPLEMENTATIONS = YES;
				CLANG_WARN_DIRECT_OBJC_ISA_USAGE = YES_ERROR;
				CLANG_WARN_DOCUMENTATION_COMMENTS = YES;
				CLANG_WARN_EMPTY_BODY = YES;
				CLANG_WARN_ENUM_CONVERSION = YES;
				CLANG_WARN_INFINITE_RECURSION = YES;
				CLANG_WARN_INT_CONVERSION = YES;
				CLANG_WARN_NON_LITERAL_NULL_CONVERSION = YES;
				CLANG_WARN_OBJC_IMPLICIT_RETAIN_SELF = YES;
				CLANG_WARN_OBJC_LITERAL_CONVERSION = YES;
				CLANG_WARN_OBJC_ROOT_CLASS = YES_ERROR;
				CLANG_WARN_QUOTED_INCLUDE_IN_FRAMEWORK_HEADER = YES;
				CLANG_WARN_RANGE_LOOP_ANALYSIS = YES;
				CLANG_WARN_STRICT_PROTOTYPES = YES;
				CLANG_WARN_SUSPICIOUS_MOVE = YES;
				CLANG_WARN_UNGUARDED_AVAILABILITY = YES_AGGRESSIVE;
				CLANG_WARN_UNREACHABLE_CODE = YES;
				CLANG_WARN__DUPLICATE_METHOD_MATCH = YES;
				COPY_PHASE_STRIP = NO;
				DEBUG_INFORMATION_FORMAT = "dwarf-with-dsym";
				DEVELOPMENT_TEAM = B97JTSGWZ2;
				ENABLE_NS_ASSERTIONS = NO;
				ENABLE_STRICT_OBJC_MSGSEND = YES;
				ENABLE_USER_SCRIPT_SANDBOXING = YES;
				GCC_C_LANGUAGE_STANDARD = gnu17;
				GCC_NO_COMMON_BLOCKS = YES;
				GCC_WARN_64_TO_32_BIT_CONVERSION = YES;
				GCC_WARN_ABOUT_RETURN_TYPE = YES_ERROR;
				GCC_WARN_UNDECLARED_SELECTOR = YES;
				GCC_WARN_UNINITIALIZED_AUTOS = YES_AGGRESSIVE;
				GCC_WARN_UNUSED_FUNCTION = YES;
				GCC_WARN_UNUSED_VARIABLE = YES;
				LOCALIZATION_PREFERS_STRING_CATALOGS = YES;
				MACOSX_DEPLOYMENT_TARGET = 26.5;
				MTL_ENABLE_DEBUG_INFO = NO;
				MTL_FAST_MATH = YES;
				SDKROOT = macosx;
				SWIFT_COMPILATION_MODE = wholemodule;
			};
			name = Release;
		};
		5E9565592FF0AFAC005E2EEF /* Debug */ = {
			isa = XCBuildConfiguration;
			buildSettings = {
				ASSETCATALOG_COMPILER_APPICON_NAME = AppIcon;
				ASSETCATALOG_COMPILER_GLOBAL_ACCENT_COLOR_NAME = AccentColor;
				ASSETCATALOG_COMPILER_INCLUDE_ALL_APPICON_ASSETS = NO;
				CODE_SIGN_ENTITLEMENTS = "ikuyo-live-wallpaper/ikuyo-live-wallpaper.entitlements";
				CODE_SIGN_STYLE = Automatic;
				COMBINE_HIDPI_IMAGES = YES;
				CURRENT_PROJECT_VERSION = 1;
				DEVELOPMENT_TEAM = B97JTSGWZ2;
				ENABLE_APP_SANDBOX = YES;
				ENABLE_HARDENED_RUNTIME = YES;
				ENABLE_PREVIEWS = YES;
				ENABLE_USER_SELECTED_FILES = readonly;
				GENERATE_INFOPLIST_FILE = YES;
				INFOPLIST_KEY_CFBundleDisplayName = "StarTorch Wallpaper Engine";
				INFOPLIST_KEY_LSApplicationCategoryType = "public.app-category.utilities";
				INFOPLIST_KEY_LSUIElement = NO;
				INFOPLIST_KEY_NSHumanReadableCopyright = "";
				LD_RUNPATH_SEARCH_PATHS = (
					"$(inherited)",
					"@executable_path/../Frameworks",
				);
				MACOSX_DEPLOYMENT_TARGET = "$(RECOMMENDED_MACOSX_DEPLOYMENT_TARGET)";
				MARKETING_VERSION = 1.0;
				PRODUCT_BUNDLE_IDENTIFIER = "com.shibuyaxpress.ikuyo-live-wallpaper";
				PRODUCT_NAME = "$(TARGET_NAME)";
				REGISTER_APP_GROUPS = YES;
				STRING_CATALOG_GENERATE_SYMBOLS = YES;
				SWIFT_APPROACHABLE_CONCURRENCY = YES;
				SWIFT_DEFAULT_ACTOR_ISOLATION = MainActor;
				SWIFT_EMIT_LOC_STRINGS = YES;
				SWIFT_UPCOMING_FEATURE_MEMBER_IMPORT_VISIBILITY = YES;
				SWIFT_VERSION = 5.0;
			};
			name = Debug;
		};
		5E95655A2FF0AFAC005E2EEF /* Release */ = {
			isa = XCBuildConfiguration;
			buildSettings = {
				ASSETCATALOG_COMPILER_APPICON_NAME = AppIcon;
				ASSETCATALOG_COMPILER_GLOBAL_ACCENT_COLOR_NAME = AccentColor;
				ASSETCATALOG_COMPILER_INCLUDE_ALL_APPICON_ASSETS = NO;
				CODE_SIGN_ENTITLEMENTS = "ikuyo-live-wallpaper/ikuyo-live-wallpaper.entitlements";
				CODE_SIGN_STYLE = Automatic;
				COMBINE_HIDPI_IMAGES = YES;
				CURRENT_PROJECT_VERSION = 1;
				DEVELOPMENT_TEAM = B97JTSGWZ2;
				ENABLE_APP_SANDBOX = YES;
				ENABLE_HARDENED_RUNTIME = YES;
				ENABLE_PREVIEWS = YES;
				ENABLE_USER_SELECTED_FILES = readonly;
				GENERATE_INFOPLIST_FILE = YES;
				INFOPLIST_KEY_CFBundleDisplayName = "StarTorch Wallpaper Engine";
				INFOPLIST_KEY_LSApplicationCategoryType = "public.app-category.utilities";
				INFOPLIST_KEY_LSUIElement = NO;
				INFOPLIST_KEY_NSHumanReadableCopyright = "";
				LD_RUNPATH_SEARCH_PATHS = (
					"$(inherited)",
					"@executable_path/../Frameworks",
				);
				MACOSX_DEPLOYMENT_TARGET = "$(RECOMMENDED_MACOSX_DEPLOYMENT_TARGET)";
				MARKETING_VERSION = 1.0;
				PRODUCT_BUNDLE_IDENTIFIER = "com.shibuyaxpress.ikuyo-live-wallpaper";
				PRODUCT_NAME = "$(TARGET_NAME)";
				REGISTER_APP_GROUPS = YES;
				STRING_CATALOG_GENERATE_SYMBOLS = YES;
				SWIFT_APPROACHABLE_CONCURRENCY = YES;
				SWIFT_DEFAULT_ACTOR_ISOLATION = MainActor;
				SWIFT_EMIT_LOC_STRINGS = YES;
				SWIFT_UPCOMING_FEATURE_MEMBER_IMPORT_VISIBILITY = YES;
				SWIFT_VERSION = 5.0;
			};
			name = Release;
		};
		5E95655C2FF0AFAC005E2EEF /* Debug */ = {
			isa = XCBuildConfiguration;
			buildSettings = {
				BUNDLE_LOADER = "$(TEST_HOST)";
				CODE_SIGN_STYLE = Automatic;
				CURRENT_PROJECT_VERSION = 1;
				DEVELOPMENT_TEAM = B97JTSGWZ2;
				GENERATE_INFOPLIST_FILE = YES;
				MACOSX_DEPLOYMENT_TARGET = 26.5;
				MARKETING_VERSION = 1.0;
				PRODUCT_BUNDLE_IDENTIFIER = "com.shibuyaxpress.ikuyo-live-wallpaperTests";
				PRODUCT_NAME = "$(TARGET_NAME)";
				STRING_CATALOG_GENERATE_SYMBOLS = NO;
				SWIFT_APPROACHABLE_CONCURRENCY = YES;
				SWIFT_EMIT_LOC_STRINGS = NO;
				SWIFT_UPCOMING_FEATURE_MEMBER_IMPORT_VISIBILITY = YES;
				SWIFT_VERSION = 5.0;
				TEST_HOST = "$(BUILD_PRODUCTS_DIR)/ikuyo-live-wallpaper.app/$(BUNDLE_EXECUTABLE_FOLDER_PATH)/ikuyo-live-wallpaper";
			};
			name = Debug;
		};
		5E95655D2FF0AFAC005E2EEF /* Release */ = {
			isa = XCBuildConfiguration;
			buildSettings = {
				BUNDLE_LOADER = "$(TEST_HOST)";
				CODE_SIGN_STYLE = Automatic;
				CURRENT_PROJECT_VERSION = 1;
				DEVELOPMENT_TEAM = B97JTSGWZ2;
				GENERATE_INFOPLIST_FILE = YES;
				MACOSX_DEPLOYMENT_TARGET = 26.5;
				MARKETING_VERSION = 1.0;
				PRODUCT_BUNDLE_IDENTIFIER = "com.shibuyaxpress.ikuyo-live-wallpaperTests";
				PRODUCT_NAME = "$(TARGET_NAME)";
				STRING_CATALOG_GENERATE_SYMBOLS = NO;
				SWIFT_APPROACHABLE_CONCURRENCY = YES;
				SWIFT_EMIT_LOC_STRINGS = NO;
				SWIFT_UPCOMING_FEATURE_MEMBER_IMPORT_VISIBILITY = YES;
				SWIFT_VERSION = 5.0;
				TEST_HOST = "$(BUILD_PRODUCTS_DIR)/ikuyo-live-wallpaper.app/$(BUNDLE_EXECUTABLE_FOLDER_PATH)/ikuyo-live-wallpaper";
			};
			name = Release;
		};
		5E95655F2FF0AFAC005E2EEF /* Debug */ = {
			isa = XCBuildConfiguration;
			buildSettings = {
				CODE_SIGN_STYLE = Automatic;
				CURRENT_PROJECT_VERSION = 1;
				DEVELOPMENT_TEAM = B97JTSGWZ2;
				GENERATE_INFOPLIST_FILE = YES;
				MARKETING_VERSION = 1.0;
				PRODUCT_BUNDLE_IDENTIFIER = "com.shibuyaxpress.ikuyo-live-wallpaperUITests";
				PRODUCT_NAME = "$(TARGET_NAME)";
				STRING_CATALOG_GENERATE_SYMBOLS = NO;
				SWIFT_APPROACHABLE_CONCURRENCY = YES;
				SWIFT_EMIT_LOC_STRINGS = NO;
				SWIFT_UPCOMING_FEATURE_MEMBER_IMPORT_VISIBILITY = YES;
				SWIFT_VERSION = 5.0;
				TEST_TARGET_NAME = "ikuyo-live-wallpaper";
			};
			name = Debug;
		};
		5E9565602FF0AFAC005E2EEF /* Release */ = {
			isa = XCBuildConfiguration;
			buildSettings = {
				CODE_SIGN_STYLE = Automatic;
				CURRENT_PROJECT_VERSION = 1;
				DEVELOPMENT_TEAM = B97JTSGWZ2;
				GENERATE_INFOPLIST_FILE = YES;
				MARKETING_VERSION = 1.0;
				PRODUCT_BUNDLE_IDENTIFIER = "com.shibuyaxpress.ikuyo-live-wallpaperUITests";
				PRODUCT_NAME = "$(TARGET_NAME)";
				STRING_CATALOG_GENERATE_SYMBOLS = NO;
				SWIFT_APPROACHABLE_CONCURRENCY = YES;
				SWIFT_EMIT_LOC_STRINGS = NO;
				SWIFT_UPCOMING_FEATURE_MEMBER_IMPORT_VISIBILITY = YES;
				SWIFT_VERSION = 5.0;
				TEST_TARGET_NAME = "ikuyo-live-wallpaper";
			};
			name = Release;
		};
/* End XCBuildConfiguration section */

/* Begin XCConfigurationList section */
		5E9565302FF0AFAA005E2EEF /* Build configuration list for PBXProject "StarTorch Wallpaper Engine" */ = {
			isa = XCConfigurationList;
			buildConfigurations = (
				5E9565562FF0AFAC005E2EEF /* Debug */,
				5E9565572FF0AFAC005E2EEF /* Release */,
			);
			defaultConfigurationIsVisible = 0;
			defaultConfigurationName = Release;
		};
		5E9565582FF0AFAC005E2EEF /* Build configuration list for PBXNativeTarget "ikuyo-live-wallpaper" */ = {
			isa = XCConfigurationList;
			buildConfigurations = (
				5E9565592FF0AFAC005E2EEF /* Debug */,
				5E95655A2FF0AFAC005E2EEF /* Release */,
			);
			defaultConfigurationIsVisible = 0;
			defaultConfigurationName = Release;
		};
		5E95655B2FF0AFAC005E2EEF /* Build configuration list for PBXNativeTarget "ikuyo-live-wallpaperTests" */ = {
			isa = XCConfigurationList;
			buildConfigurations = (
				5E95655C2FF0AFAC005E2EEF /* Debug */,
				5E95655D2FF0AFAC005E2EEF /* Release */,
			);
			defaultConfigurationIsVisible = 0;
			defaultConfigurationName = Release;
		};
		5E95655E2FF0AFAC005E2EEF /* Build configuration list for PBXNativeTarget "ikuyo-live-wallpaperUITests" */ = {
			isa = XCConfigurationList;
			buildConfigurations = (
				5E95655F2FF0AFAC005E2EEF /* Debug */,
				5E9565602FF0AFAC005E2EEF /* Release */,
			);
			defaultConfigurationIsVisible = 0;
			defaultConfigurationName = Release;
		};
/* End XCConfigurationList section */
	};
	rootObject = 5E95652D2FF0AFAA005E2EEF /* Project object */;
}
